PODS:
  - ASN1Decoder (1.10.0)
  - boost (1.76.0)
  - DoubleConversion (1.1.6)
  - EASClient (0.4.1):
    - ExpoModulesCore
  - EXApplication (5.0.1):
    - ExpoModulesCore
  - EXBarCodeScanner (12.1.0):
    - EXImageLoader
    - ExpoModulesCore
    - ZXingObjC/OneD
    - ZXingObjC/PDF417
  - EXCamera (13.1.0):
    - ExpoModulesCore
  - EXConstants (14.0.2):
    - ExpoModulesCore
  - EXFileSystem (15.1.1):
    - ExpoModulesCore
  - EXFont (11.0.1):
    - ExpoModulesCore
  - EXImageLoader (4.0.0):
    - ExpoModulesCore
    - React-Core
  - EXJSONUtils (0.4.0)
  - EXManifests (0.4.0):
    - EXJSONUtils
  - EXPermissions (14.0.0):
    - ExpoModulesCore
  - Expo (47.0.14):
    - ExpoModulesCore
  - ExpoKeepAwake (11.0.1):
    - ExpoModulesCore
  - ExpoModulesCore (1.1.1):
    - React-Core
    - ReactCommon/turbomodule/core
  - EXSplashScreen (0.17.5):
    - ExpoModulesCore
    - React-Core
  - EXStructuredHeaders (3.0.1)
  - EXUpdates (0.15.6):
    - ASN1Decoder (~> 1.8)
    - EASClient
    - EXManifests
    - ExpoModulesCore
    - EXStructuredHeaders
    - EXUpdatesInterface
    - React-Core
  - EXUpdatesInterface (0.8.1)
  - FBLazyVector (0.70.8)
  - FBReactNativeSpec (0.70.8):
    - RCT-Folly (= 2021.07.22.00)
    - RCTRequired (= 0.70.8)
    - RCTTypeSafety (= 0.70.8)
    - React-Core (= 0.70.8)
    - React-jsi (= 0.70.8)
    - ReactCommon/turbomodule/core (= 0.70.8)
  - Firebase/CoreOnly (10.6.0):
    - FirebaseCore (= 10.6.0)
  - Firebase/Messaging (10.6.0):
    - Firebase/CoreOnly
    - FirebaseMessaging (~> 10.6.0)
  - FirebaseCore (10.6.0):
    - FirebaseCoreInternal (~> 10.0)
    - GoogleUtilities/Environment (~> 7.8)
    - GoogleUtilities/Logger (~> 7.8)
  - FirebaseCoreExtension (10.6.0):
    - FirebaseCore (~> 10.0)
  - FirebaseCoreInternal (10.29.0):
    - "GoogleUtilities/NSData+zlib (~> 7.8)"
  - FirebaseInstallations (10.29.0):
    - FirebaseCore (~> 10.0)
    - GoogleUtilities/Environment (~> 7.8)
    - GoogleUtilities/UserDefaults (~> 7.8)
    - PromisesObjC (~> 2.1)
  - FirebaseMessaging (10.6.0):
    - FirebaseCore (~> 10.0)
    - FirebaseInstallations (~> 10.0)
    - GoogleDataTransport (~> 9.2)
    - GoogleUtilities/AppDelegateSwizzler (~> 7.8)
    - GoogleUtilities/Environment (~> 7.8)
    - GoogleUtilities/Reachability (~> 7.8)
    - GoogleUtilities/UserDefaults (~> 7.8)
    - nanopb (< 2.30910.0, >= 2.30908.0)
  - fmt (6.2.1)
  - glog (0.3.5)
  - GoogleDataTransport (9.4.1):
    - GoogleUtilities/Environment (~> 7.7)
    - nanopb (< 2.30911.0, >= 2.30908.0)
    - PromisesObjC (< 3.0, >= 1.2)
  - GoogleUtilities/AppDelegateSwizzler (7.13.3):
    - GoogleUtilities/Environment
    - GoogleUtilities/Logger
    - GoogleUtilities/Network
    - GoogleUtilities/Privacy
  - GoogleUtilities/Environment (7.13.3):
    - GoogleUtilities/Privacy
    - PromisesObjC (< 3.0, >= 1.2)
  - GoogleUtilities/Logger (7.13.3):
    - GoogleUtilities/Environment
    - GoogleUtilities/Privacy
  - GoogleUtilities/Network (7.13.3):
    - GoogleUtilities/Logger
    - "GoogleUtilities/NSData+zlib"
    - GoogleUtilities/Privacy
    - GoogleUtilities/Reachability
  - "GoogleUtilities/NSData+zlib (7.13.3)":
    - GoogleUtilities/Privacy
  - GoogleUtilities/Privacy (7.13.3)
  - GoogleUtilities/Reachability (7.13.3):
    - GoogleUtilities/Logger
    - GoogleUtilities/Privacy
  - GoogleUtilities/UserDefaults (7.13.3):
    - GoogleUtilities/Logger
    - GoogleUtilities/Privacy
  - nanopb (2.30909.1):
    - nanopb/decode (= 2.30909.1)
    - nanopb/encode (= 2.30909.1)
  - nanopb/decode (2.30909.1)
  - nanopb/encode (2.30909.1)
  - PromisesObjC (2.4.0)
  - RCT-Folly (2021.07.22.00):
    - boost
    - DoubleConversion
    - fmt (~> 6.2.1)
    - glog
    - RCT-Folly/Default (= 2021.07.22.00)
  - RCT-Folly/Default (2021.07.22.00):
    - boost
    - DoubleConversion
    - fmt (~> 6.2.1)
    - glog
  - RCTRequired (0.70.8)
  - RCTTypeSafety (0.70.8):
    - FBLazyVector (= 0.70.8)
    - RCTRequired (= 0.70.8)
    - React-Core (= 0.70.8)
  - React (0.70.8):
    - React-Core (= 0.70.8)
    - React-Core/DevSupport (= 0.70.8)
    - React-Core/RCTWebSocket (= 0.70.8)
    - React-RCTActionSheet (= 0.70.8)
    - React-RCTAnimation (= 0.70.8)
    - React-RCTBlob (= 0.70.8)
    - React-RCTImage (= 0.70.8)
    - React-RCTLinking (= 0.70.8)
    - React-RCTNetwork (= 0.70.8)
    - React-RCTSettings (= 0.70.8)
    - React-RCTText (= 0.70.8)
    - React-RCTVibration (= 0.70.8)
  - React-bridging (0.70.8):
    - RCT-Folly (= 2021.07.22.00)
    - React-jsi (= 0.70.8)
  - React-callinvoker (0.70.8)
  - React-Codegen (0.70.8):
    - FBReactNativeSpec (= 0.70.8)
    - RCT-Folly (= 2021.07.22.00)
    - RCTRequired (= 0.70.8)
    - RCTTypeSafety (= 0.70.8)
    - React-Core (= 0.70.8)
    - React-jsi (= 0.70.8)
    - React-jsiexecutor (= 0.70.8)
    - ReactCommon/turbomodule/core (= 0.70.8)
  - React-Core (0.70.8):
    - glog
    - RCT-Folly (= 2021.07.22.00)
    - React-Core/Default (= 0.70.8)
    - React-cxxreact (= 0.70.8)
    - React-jsi (= 0.70.8)
    - React-jsiexecutor (= 0.70.8)
    - React-perflogger (= 0.70.8)
    - Yoga
  - React-Core/CoreModulesHeaders (0.70.8):
    - glog
    - RCT-Folly (= 2021.07.22.00)
    - React-Core/Default
    - React-cxxreact (= 0.70.8)
    - React-jsi (= 0.70.8)
    - React-jsiexecutor (= 0.70.8)
    - React-perflogger (= 0.70.8)
    - Yoga
  - React-Core/Default (0.70.8):
    - glog
    - RCT-Folly (= 2021.07.22.00)
    - React-cxxreact (= 0.70.8)
    - React-jsi (= 0.70.8)
    - React-jsiexecutor (= 0.70.8)
    - React-perflogger (= 0.70.8)
    - Yoga
  - React-Core/DevSupport (0.70.8):
    - glog
    - RCT-Folly (= 2021.07.22.00)
    - React-Core/Default (= 0.70.8)
    - React-Core/RCTWebSocket (= 0.70.8)
    - React-cxxreact (= 0.70.8)
    - React-jsi (= 0.70.8)
    - React-jsiexecutor (= 0.70.8)
    - React-jsinspector (= 0.70.8)
    - React-perflogger (= 0.70.8)
    - Yoga
  - React-Core/RCTActionSheetHeaders (0.70.8):
    - glog
    - RCT-Folly (= 2021.07.22.00)
    - React-Core/Default
    - React-cxxreact (= 0.70.8)
    - React-jsi (= 0.70.8)
    - React-jsiexecutor (= 0.70.8)
    - React-perflogger (= 0.70.8)
    - Yoga
  - React-Core/RCTAnimationHeaders (0.70.8):
    - glog
    - RCT-Folly (= 2021.07.22.00)
    - React-Core/Default
    - React-cxxreact (= 0.70.8)
    - React-jsi (= 0.70.8)
    - React-jsiexecutor (= 0.70.8)
    - React-perflogger (= 0.70.8)
    - Yoga
  - React-Core/RCTBlobHeaders (0.70.8):
    - glog
    - RCT-Folly (= 2021.07.22.00)
    - React-Core/Default
    - React-cxxreact (= 0.70.8)
    - React-jsi (= 0.70.8)
    - React-jsiexecutor (= 0.70.8)
    - React-perflogger (= 0.70.8)
    - Yoga
  - React-Core/RCTImageHeaders (0.70.8):
    - glog
    - RCT-Folly (= 2021.07.22.00)
    - React-Core/Default
    - React-cxxreact (= 0.70.8)
    - React-jsi (= 0.70.8)
    - React-jsiexecutor (= 0.70.8)
    - React-perflogger (= 0.70.8)
    - Yoga
  - React-Core/RCTLinkingHeaders (0.70.8):
    - glog
    - RCT-Folly (= 2021.07.22.00)
    - React-Core/Default
    - React-cxxreact (= 0.70.8)
    - React-jsi (= 0.70.8)
    - React-jsiexecutor (= 0.70.8)
    - React-perflogger (= 0.70.8)
    - Yoga
  - React-Core/RCTNetworkHeaders (0.70.8):
    - glog
    - RCT-Folly (= 2021.07.22.00)
    - React-Core/Default
    - React-cxxreact (= 0.70.8)
    - React-jsi (= 0.70.8)
    - React-jsiexecutor (= 0.70.8)
    - React-perflogger (= 0.70.8)
    - Yoga
  - React-Core/RCTSettingsHeaders (0.70.8):
    - glog
    - RCT-Folly (= 2021.07.22.00)
    - React-Core/Default
    - React-cxxreact (= 0.70.8)
    - React-jsi (= 0.70.8)
    - React-jsiexecutor (= 0.70.8)
    - React-perflogger (= 0.70.8)
    - Yoga
  - React-Core/RCTTextHeaders (0.70.8):
    - glog
    - RCT-Folly (= 2021.07.22.00)
    - React-Core/Default
    - React-cxxreact (= 0.70.8)
    - React-jsi (= 0.70.8)
    - React-jsiexecutor (= 0.70.8)
    - React-perflogger (= 0.70.8)
    - Yoga
  - React-Core/RCTVibrationHeaders (0.70.8):
    - glog
    - RCT-Folly (= 2021.07.22.00)
    - React-Core/Default
    - React-cxxreact (= 0.70.8)
    - React-jsi (= 0.70.8)
    - React-jsiexecutor (= 0.70.8)
    - React-perflogger (= 0.70.8)
    - Yoga
  - React-Core/RCTWebSocket (0.70.8):
    - glog
    - RCT-Folly (= 2021.07.22.00)
    - React-Core/Default (= 0.70.8)
    - React-cxxreact (= 0.70.8)
    - React-jsi (= 0.70.8)
    - React-jsiexecutor (= 0.70.8)
    - React-perflogger (= 0.70.8)
    - Yoga
  - React-CoreModules (0.70.8):
    - RCT-Folly (= 2021.07.22.00)
    - RCTTypeSafety (= 0.70.8)
    - React-Codegen (= 0.70.8)
    - React-Core/CoreModulesHeaders (= 0.70.8)
    - React-jsi (= 0.70.8)
    - React-RCTImage (= 0.70.8)
    - ReactCommon/turbomodule/core (= 0.70.8)
  - React-cxxreact (0.70.8):
    - boost (= 1.76.0)
    - DoubleConversion
    - glog
    - RCT-Folly (= 2021.07.22.00)
    - React-callinvoker (= 0.70.8)
    - React-jsi (= 0.70.8)
    - React-jsinspector (= 0.70.8)
    - React-logger (= 0.70.8)
    - React-perflogger (= 0.70.8)
    - React-runtimeexecutor (= 0.70.8)
  - React-jsi (0.70.8):
    - boost (= 1.76.0)
    - DoubleConversion
    - glog
    - RCT-Folly (= 2021.07.22.00)
    - React-jsi/Default (= 0.70.8)
  - React-jsi/Default (0.70.8):
    - boost (= 1.76.0)
    - DoubleConversion
    - glog
    - RCT-Folly (= 2021.07.22.00)
  - React-jsiexecutor (0.70.8):
    - DoubleConversion
    - glog
    - RCT-Folly (= 2021.07.22.00)
    - React-cxxreact (= 0.70.8)
    - React-jsi (= 0.70.8)
    - React-perflogger (= 0.70.8)
  - React-jsinspector (0.70.8)
  - React-logger (0.70.8):
    - glog
  - react-native-safe-area-context (4.4.1):
    - RCT-Folly
    - RCTRequired
    - RCTTypeSafety
    - React-Core
    - ReactCommon/turbomodule/core
  - React-perflogger (0.70.8)
  - React-RCTActionSheet (0.70.8):
    - React-Core/RCTActionSheetHeaders (= 0.70.8)
  - React-RCTAnimation (0.70.8):
    - RCT-Folly (= 2021.07.22.00)
    - RCTTypeSafety (= 0.70.8)
    - React-Codegen (= 0.70.8)
    - React-Core/RCTAnimationHeaders (= 0.70.8)
    - React-jsi (= 0.70.8)
    - ReactCommon/turbomodule/core (= 0.70.8)
  - React-RCTBlob (0.70.8):
    - RCT-Folly (= 2021.07.22.00)
    - React-Codegen (= 0.70.8)
    - React-Core/RCTBlobHeaders (= 0.70.8)
    - React-Core/RCTWebSocket (= 0.70.8)
    - React-jsi (= 0.70.8)
    - React-RCTNetwork (= 0.70.8)
    - ReactCommon/turbomodule/core (= 0.70.8)
  - React-RCTImage (0.70.8):
    - RCT-Folly (= 2021.07.22.00)
    - RCTTypeSafety (= 0.70.8)
    - React-Codegen (= 0.70.8)
    - React-Core/RCTImageHeaders (= 0.70.8)
    - React-jsi (= 0.70.8)
    - React-RCTNetwork (= 0.70.8)
    - ReactCommon/turbomodule/core (= 0.70.8)
  - React-RCTLinking (0.70.8):
    - React-Codegen (= 0.70.8)
    - React-Core/RCTLinkingHeaders (= 0.70.8)
    - React-jsi (= 0.70.8)
    - ReactCommon/turbomodule/core (= 0.70.8)
  - React-RCTNetwork (0.70.8):
    - RCT-Folly (= 2021.07.22.00)
    - RCTTypeSafety (= 0.70.8)
    - React-Codegen (= 0.70.8)
    - React-Core/RCTNetworkHeaders (= 0.70.8)
    - React-jsi (= 0.70.8)
    - ReactCommon/turbomodule/core (= 0.70.8)
  - React-RCTSettings (0.70.8):
    - RCT-Folly (= 2021.07.22.00)
    - RCTTypeSafety (= 0.70.8)
    - React-Codegen (= 0.70.8)
    - React-Core/RCTSettingsHeaders (= 0.70.8)
    - React-jsi (= 0.70.8)
    - ReactCommon/turbomodule/core (= 0.70.8)
  - React-RCTText (0.70.8):
    - React-Core/RCTTextHeaders (= 0.70.8)
  - React-RCTVibration (0.70.8):
    - RCT-Folly (= 2021.07.22.00)
    - React-Codegen (= 0.70.8)
    - React-Core/RCTVibrationHeaders (= 0.70.8)
    - React-jsi (= 0.70.8)
    - ReactCommon/turbomodule/core (= 0.70.8)
  - React-runtimeexecutor (0.70.8):
    - React-jsi (= 0.70.8)
  - ReactCommon/turbomodule/core (0.70.8):
    - DoubleConversion
    - glog
    - RCT-Folly (= 2021.07.22.00)
    - React-bridging (= 0.70.8)
    - React-callinvoker (= 0.70.8)
    - React-Core (= 0.70.8)
    - React-cxxreact (= 0.70.8)
    - React-jsi (= 0.70.8)
    - React-logger (= 0.70.8)
    - React-perflogger (= 0.70.8)
  - RNCAsyncStorage (2.1.1):
    - React-Core
  - RNCMaskedView (0.1.11):
    - React
  - RNCPushNotificationIOS (1.11.0):
    - React-Core
  - RNFBApp (17.3.2):
    - Firebase/CoreOnly (= 10.6.0)
    - React-Core
  - RNFBMessaging (17.3.2):
    - Firebase/Messaging (= 10.6.0)
    - FirebaseCoreExtension (= 10.6.0)
    - React-Core
    - RNFBApp
  - RNGestureHandler (2.9.0):
    - React-Core
  - RNReanimated (2.14.4):
    - DoubleConversion
    - FBLazyVector
    - FBReactNativeSpec
    - glog
    - RCT-Folly
    - RCTRequired
    - RCTTypeSafety
    - React-callinvoker
    - React-Core
    - React-Core/DevSupport
    - React-Core/RCTWebSocket
    - React-CoreModules
    - React-cxxreact
    - React-jsi
    - React-jsiexecutor
    - React-jsinspector
    - React-RCTActionSheet
    - React-RCTAnimation
    - React-RCTBlob
    - React-RCTImage
    - React-RCTLinking
    - React-RCTNetwork
    - React-RCTSettings
    - React-RCTText
    - ReactCommon/turbomodule/core
    - Yoga
  - RNScreens (3.18.2):
    - React-Core
    - React-RCTImage
  - RNVectorIcons (9.0.0):
    - React-Core
  - Yoga (1.14.0)
  - ZXingObjC/Core (3.6.9)
  - ZXingObjC/OneD (3.6.9):
    - ZXingObjC/Core
  - ZXingObjC/PDF417 (3.6.9):
    - ZXingObjC/Core

DEPENDENCIES:
  - boost (from `../node_modules/react-native/third-party-podspecs/boost.podspec`)
  - DoubleConversion (from `../node_modules/react-native/third-party-podspecs/DoubleConversion.podspec`)
  - EASClient (from `../node_modules/expo-eas-client/ios`)
  - EXApplication (from `../node_modules/expo-application/ios`)
  - EXBarCodeScanner (from `../node_modules/expo-barcode-scanner/ios`)
  - EXCamera (from `../node_modules/expo-camera/ios`)
  - EXConstants (from `../node_modules/expo-constants/ios`)
  - EXFileSystem (from `../node_modules/expo-file-system/ios`)
  - EXFont (from `../node_modules/expo-font/ios`)
  - EXImageLoader (from `../node_modules/expo-image-loader/ios`)
  - EXJSONUtils (from `../node_modules/expo-json-utils/ios`)
  - EXManifests (from `../node_modules/expo-manifests/ios`)
  - EXPermissions (from `../node_modules/expo-permissions/ios`)
  - Expo (from `../node_modules/expo`)
  - ExpoKeepAwake (from `../node_modules/expo-keep-awake/ios`)
  - ExpoModulesCore (from `../node_modules/expo-modules-core`)
  - EXSplashScreen (from `../node_modules/expo-splash-screen/ios`)
  - EXStructuredHeaders (from `../node_modules/expo-structured-headers/ios`)
  - EXUpdates (from `../node_modules/expo-updates/ios`)
  - EXUpdatesInterface (from `../node_modules/expo-updates-interface/ios`)
  - FBLazyVector (from `../node_modules/react-native/Libraries/FBLazyVector`)
  - FBReactNativeSpec (from `../node_modules/react-native/React/FBReactNativeSpec`)
  - FirebaseCore
  - FirebaseMessaging
  - glog (from `../node_modules/react-native/third-party-podspecs/glog.podspec`)
  - RCT-Folly (from `../node_modules/react-native/third-party-podspecs/RCT-Folly.podspec`)
  - RCTRequired (from `../node_modules/react-native/Libraries/RCTRequired`)
  - RCTTypeSafety (from `../node_modules/react-native/Libraries/TypeSafety`)
  - React (from `../node_modules/react-native/`)
  - React-bridging (from `../node_modules/react-native/ReactCommon`)
  - React-callinvoker (from `../node_modules/react-native/ReactCommon/callinvoker`)
  - React-Codegen (from `build/generated/ios`)
  - React-Core (from `../node_modules/react-native/`)
  - React-Core/RCTWebSocket (from `../node_modules/react-native/`)
  - React-CoreModules (from `../node_modules/react-native/React/CoreModules`)
  - React-cxxreact (from `../node_modules/react-native/ReactCommon/cxxreact`)
  - React-jsi (from `../node_modules/react-native/ReactCommon/jsi`)
  - React-jsiexecutor (from `../node_modules/react-native/ReactCommon/jsiexecutor`)
  - React-jsinspector (from `../node_modules/react-native/ReactCommon/jsinspector`)
  - React-logger (from `../node_modules/react-native/ReactCommon/logger`)
  - react-native-safe-area-context (from `../node_modules/react-native-safe-area-context`)
  - React-perflogger (from `../node_modules/react-native/ReactCommon/reactperflogger`)
  - React-RCTActionSheet (from `../node_modules/react-native/Libraries/ActionSheetIOS`)
  - React-RCTAnimation (from `../node_modules/react-native/Libraries/NativeAnimation`)
  - React-RCTBlob (from `../node_modules/react-native/Libraries/Blob`)
  - React-RCTImage (from `../node_modules/react-native/Libraries/Image`)
  - React-RCTLinking (from `../node_modules/react-native/Libraries/LinkingIOS`)
  - React-RCTNetwork (from `../node_modules/react-native/Libraries/Network`)
  - React-RCTSettings (from `../node_modules/react-native/Libraries/Settings`)
  - React-RCTText (from `../node_modules/react-native/Libraries/Text`)
  - React-RCTVibration (from `../node_modules/react-native/Libraries/Vibration`)
  - React-runtimeexecutor (from `../node_modules/react-native/ReactCommon/runtimeexecutor`)
  - ReactCommon/turbomodule/core (from `../node_modules/react-native/ReactCommon`)
  - "RNCAsyncStorage (from `../node_modules/@react-native-async-storage/async-storage`)"
  - "RNCMaskedView (from `../node_modules/@react-native-community/masked-view`)"
  - "RNCPushNotificationIOS (from `../node_modules/@react-native-community/push-notification-ios`)"
  - "RNFBApp (from `../node_modules/@react-native-firebase/app`)"
  - "RNFBMessaging (from `../node_modules/@react-native-firebase/messaging`)"
  - RNGestureHandler (from `../node_modules/react-native-gesture-handler`)
  - RNReanimated (from `../node_modules/react-native-reanimated`)
  - RNScreens (from `../node_modules/react-native-screens`)
  - RNVectorIcons (from `../node_modules/react-native-vector-icons`)
  - Yoga (from `../node_modules/react-native/ReactCommon/yoga`)

SPEC REPOS:
  trunk:
    - ASN1Decoder
    - Firebase
    - FirebaseCore
    - FirebaseCoreExtension
    - FirebaseCoreInternal
    - FirebaseInstallations
    - FirebaseMessaging
    - fmt
    - GoogleDataTransport
    - GoogleUtilities
    - nanopb
    - PromisesObjC
    - ZXingObjC

EXTERNAL SOURCES:
  boost:
    :podspec: "../node_modules/react-native/third-party-podspecs/boost.podspec"
  DoubleConversion:
    :podspec: "../node_modules/react-native/third-party-podspecs/DoubleConversion.podspec"
  EASClient:
    :path: "../node_modules/expo-eas-client/ios"
  EXApplication:
    :path: "../node_modules/expo-application/ios"
  EXBarCodeScanner:
    :path: "../node_modules/expo-barcode-scanner/ios"
  EXCamera:
    :path: "../node_modules/expo-camera/ios"
  EXConstants:
    :path: "../node_modules/expo-constants/ios"
  EXFileSystem:
    :path: "../node_modules/expo-file-system/ios"
  EXFont:
    :path: "../node_modules/expo-font/ios"
  EXImageLoader:
    :path: "../node_modules/expo-image-loader/ios"
  EXJSONUtils:
    :path: "../node_modules/expo-json-utils/ios"
  EXManifests:
    :path: "../node_modules/expo-manifests/ios"
  EXPermissions:
    :path: "../node_modules/expo-permissions/ios"
  Expo:
    :path: "../node_modules/expo"
  ExpoKeepAwake:
    :path: "../node_modules/expo-keep-awake/ios"
  ExpoModulesCore:
    :path: "../node_modules/expo-modules-core"
  EXSplashScreen:
    :path: "../node_modules/expo-splash-screen/ios"
  EXStructuredHeaders:
    :path: "../node_modules/expo-structured-headers/ios"
  EXUpdates:
    :path: "../node_modules/expo-updates/ios"
  EXUpdatesInterface:
    :path: "../node_modules/expo-updates-interface/ios"
  FBLazyVector:
    :path: "../node_modules/react-native/Libraries/FBLazyVector"
  FBReactNativeSpec:
    :path: "../node_modules/react-native/React/FBReactNativeSpec"
  glog:
    :podspec: "../node_modules/react-native/third-party-podspecs/glog.podspec"
  RCT-Folly:
    :podspec: "../node_modules/react-native/third-party-podspecs/RCT-Folly.podspec"
  RCTRequired:
    :path: "../node_modules/react-native/Libraries/RCTRequired"
  RCTTypeSafety:
    :path: "../node_modules/react-native/Libraries/TypeSafety"
  React:
    :path: "../node_modules/react-native/"
  React-bridging:
    :path: "../node_modules/react-native/ReactCommon"
  React-callinvoker:
    :path: "../node_modules/react-native/ReactCommon/callinvoker"
  React-Codegen:
    :path: build/generated/ios
  React-Core:
    :path: "../node_modules/react-native/"
  React-CoreModules:
    :path: "../node_modules/react-native/React/CoreModules"
  React-cxxreact:
    :path: "../node_modules/react-native/ReactCommon/cxxreact"
  React-jsi:
    :path: "../node_modules/react-native/ReactCommon/jsi"
  React-jsiexecutor:
    :path: "../node_modules/react-native/ReactCommon/jsiexecutor"
  React-jsinspector:
    :path: "../node_modules/react-native/ReactCommon/jsinspector"
  React-logger:
    :path: "../node_modules/react-native/ReactCommon/logger"
  react-native-safe-area-context:
    :path: "../node_modules/react-native-safe-area-context"
  React-perflogger:
    :path: "../node_modules/react-native/ReactCommon/reactperflogger"
  React-RCTActionSheet:
    :path: "../node_modules/react-native/Libraries/ActionSheetIOS"
  React-RCTAnimation:
    :path: "../node_modules/react-native/Libraries/NativeAnimation"
  React-RCTBlob:
    :path: "../node_modules/react-native/Libraries/Blob"
  React-RCTImage:
    :path: "../node_modules/react-native/Libraries/Image"
  React-RCTLinking:
    :path: "../node_modules/react-native/Libraries/LinkingIOS"
  React-RCTNetwork:
    :path: "../node_modules/react-native/Libraries/Network"
  React-RCTSettings:
    :path: "../node_modules/react-native/Libraries/Settings"
  React-RCTText:
    :path: "../node_modules/react-native/Libraries/Text"
  React-RCTVibration:
    :path: "../node_modules/react-native/Libraries/Vibration"
  React-runtimeexecutor:
    :path: "../node_modules/react-native/ReactCommon/runtimeexecutor"
  ReactCommon:
    :path: "../node_modules/react-native/ReactCommon"
  RNCAsyncStorage:
    :path: "../node_modules/@react-native-async-storage/async-storage"
  RNCMaskedView:
    :path: "../node_modules/@react-native-community/masked-view"
  RNCPushNotificationIOS:
    :path: "../node_modules/@react-native-community/push-notification-ios"
  RNFBApp:
    :path: "../node_modules/@react-native-firebase/app"
  RNFBMessaging:
    :path: "../node_modules/@react-native-firebase/messaging"
  RNGestureHandler:
    :path: "../node_modules/react-native-gesture-handler"
  RNReanimated:
    :path: "../node_modules/react-native-reanimated"
  RNScreens:
    :path: "../node_modules/react-native-screens"
  RNVectorIcons:
    :path: "../node_modules/react-native-vector-icons"
  Yoga:
    :path: "../node_modules/react-native/ReactCommon/yoga"

SPEC CHECKSUMS:
  ASN1Decoder: 91cb1d781b5a178ea7375b2f1519e2bdaaa4c427
  boost: 9fa78656d705f55b1220151d997e57e2a3f2cde0
  DoubleConversion: 5189b271737e1565bdce30deb4a08d647e3f5f54
  EASClient: d819b8330c1639fa1ebaec2d770ea45d5ca9a862
  EXApplication: 8865e78ad9e3d0d57761ca75023d451d817d7894
  EXBarCodeScanner: da2e31aec28fe37ec111101ebbc7185a6fd16953
  EXCamera: 0a6c34473a1afa183afd2407e47fa291b50b655a
  EXConstants: 25bb3ab88d4a5455acaad2f4f28175d1d61c58a1
  EXFileSystem: db9a3098814b28353c5dd187e790418adc681244
  EXFont: 2d193422f01bf05b11183b604672d45189020f41
  EXImageLoader: 9258e501aeaa348eb17829a85c189027bfb21a74
  EXJSONUtils: 09aef2c1fba1a116ca8c73a2c8299aac00d96b43
  EXManifests: f511c9fe91671f24de98600ef0d7e89c244ad826
  EXPermissions: 06eaffdc17acaed92b8d3135527898ada4ae3036
  Expo: b3cf880df66d5c3496ff13a7f8fce2a1427ec4eb
  ExpoKeepAwake: 5592e6058d735e5148cd118cc1217050718210dd
  ExpoModulesCore: adef072f3aeddf3de953038c9156864eab8aa21b
  EXSplashScreen: 6e50152f09892f452583fb7ecbdd572e38a0fd8d
  EXStructuredHeaders: fb774e45eac2e5d62ba40b28176bfbfba61b843e
  EXUpdates: 5134dd4ae129af41944e044c7b5aaf3f45f326ce
  EXUpdatesInterface: bffd1ead18f0bab04fa784ca159c115607b8a23c
  FBLazyVector: ce6c993e675c5e9684e3b83aa0c346eb116c3ec6
  FBReactNativeSpec: d8772db98ada3c2daf8f65e2105ada77bf209c02
  Firebase: f13680471b021937f2230ea8503c7809d8c29806
  FirebaseCore: fa80ad16a62d52f67274b5b88304c3a318bbf9a4
  FirebaseCoreExtension: 318e5ee9ad4092b00423c2bddd51c3f5c3585973
  FirebaseCoreInternal: df84dd300b561c27d5571684f389bf60b0a5c934
  FirebaseInstallations: 913cf60d0400ebd5d6b63a28b290372ab44590dd
  FirebaseMessaging: fd93783258c53ae5cdb9b41bf0c51606a677f2d5
  fmt: ff9d55029c625d3757ed641535fd4a75fedc7ce9
  glog: 04b94705f318337d7ead9e6d17c019bd9b1f6b1b
  GoogleDataTransport: 6c09b596d841063d76d4288cc2d2f42cc36e1e2a
  GoogleUtilities: ea963c370a38a8069cc5f7ba4ca849a60b6d7d15
  nanopb: d4d75c12cd1316f4a64e3c6963f879ecd4b5e0d5
  PromisesObjC: f5707f49cb48b9636751c5b2e7d227e43fba9f47
  RCT-Folly: fd2673f5bfadb2a8173799b6965b892a67ae31d9
  RCTRequired: 35a7977a5a3cb2d3830c3fef7352b7b116115829
  RCTTypeSafety: 259790fb8b16c94e57e0d3d1e2479e69a2b93f50
  React: 89f0551b8f7a555e38ce016a81c50bc68f1972a8
  React-bridging: 2e425b6bc8536206918fa55bf9dd37016f99bb33
  React-callinvoker: 1c733126b1e4d95d0d412d95c51cedf06b3b979d
  React-Codegen: 41d2ddcd966eac2a5f2698d5cd21e3d741e999bd
  React-Core: eaff67e16dc3c63b92d8d18db4983a303743a41f
  React-CoreModules: f569f295874d0864bfd7a686dad3f828f4e8813a
  React-cxxreact: 86dfdcb743fc3f14a29aa2e825c9c0324476d969
  React-jsi: b4975e36dfaa15bcaada1611aac32aa06dd69943
  React-jsiexecutor: 688fa13895ad0e95dd0ce71ae9276e370c4f35ec
  React-jsinspector: 5e5497c844f2381e8648ec3a7d0ad25b3f27f23e
  React-logger: f5bfa1860b3cd2efa54e21eaba91fa48455a4922
  react-native-safe-area-context: 41ffdebd233eddeef75576749f0cf153e83a0681
  React-perflogger: e9249a18e055cae96fdf685bf6145cbea62506c8
  React-RCTActionSheet: a6d2a544a4605a111ce80fa9319cc870ca3ea778
  React-RCTAnimation: 21b776b15aa5451a0b5bcb342fd2f346817c1101
  React-RCTBlob: 95f54d45305b4103b29d8b2c1e705b5c3183239a
  React-RCTImage: 1b76ab9e3b60313edd85bc3fd3e07c29cec6ab68
  React-RCTLinking: 7176da2a80f3056152a51587812d6d0c451b1f7b
  React-RCTNetwork: d36f896304e6ef2998f58cd4199a0239bd312318
  React-RCTSettings: 004b9a1afb5870f4bcd06521c088e738c1558940
  React-RCTText: a2606a79fdb52dd2bde0d7fde7726160fa16b70c
  React-RCTVibration: 19d21a3ed620352180800447771f68a101f196e9
  React-runtimeexecutor: f795fd426264709901c09432c6ce072f8400147e
  ReactCommon: 12e0dc251ab676fe4675307ddf6211d2605ad4d1
  RNCAsyncStorage: af7b591318005069c3795076addc83a4dd5c0a2e
  RNCMaskedView: 4c5ee1c8667d56077246cc6d1977f77393923560
  RNCPushNotificationIOS: 6c4ca3388c7434e4a662b92e4dfeeee858e6f440
  RNFBApp: 6b71ae12a0a58270991d58ab36914985bae5d01b
  RNFBMessaging: d39db499ac4740573d6e7732a76e8426ca992dd9
  RNGestureHandler: 5fe9e4f847b51d8cc9006cec6c7dc6718dd82809
  RNReanimated: 7947e1079b70f7d019613b0b4b31ceec2abf07f3
  RNScreens: 10cefd0dd5c6ccd8651c6ca8b276790ea10a7f20
  RNVectorIcons: 58e1f696a44687c64b0165d892b74e0843b5db4c
  Yoga: d6133108734e69e8c0becc6ba587294b94829687
  ZXingObjC: 8898711ab495761b2dbbdec76d90164a6d7e14c5

PODFILE CHECKSUM: fb43cc238c154859da3646f73fcb72e3cc50b578

COCOAPODS: 1.16.2
